
Microsoft Visual Studio Solution File, Format Version 12.00
# Visual Studio Version 17
VisualStudioVersion = 17.2.32526.322
MinimumVisualStudioVersion = 10.0.40219.1
Project("{FAE04EC0-301F-11D3-BF4B-00C04F79EFBC}") = "Gsemac.Demo", "Gsemac.Demo\Gsemac.Demo.csproj", "{3A714EA7-4192-4075-A1D1-212672F9A0AC}"
EndProject
Global
	GlobalSection(SolutionConfigurationPlatforms) = preSolution
		Debug|Any CPU = Debug|Any CPU
		Release|Any CPU = Release|Any CPU
	EndGlobalSection
	GlobalSection(ProjectConfigurationPlatforms) = postSolution
		{3A714EA7-4192-4075-A1D1-212672F9A0AC}.Debug|Any CPU.ActiveCfg = Debug|Any CPU
		{3A714EA7-4192-4075-A1D1-212672F9A0AC}.Debug|Any CPU.Build.0 = Debug|Any CPU
		{3A714EA7-4192-4075-A1D1-212672F9A0AC}.Release|Any CPU.ActiveCfg = Release|Any CPU
		{3A714EA7-4192-4075-A1D1-212672F9A0AC}.Release|Any CPU.Build.0 = Release|Any CPU
	EndGlobalSection
	GlobalSection(SolutionProperties) = preSolution
		HideSolutionNode = FALSE
	EndGlobalSection
	GlobalSection(ExtensibilityGlobals) = postSolution
		SolutionGuid = {57341DE4-975B-4224-A089-13D3C51C10E4}
	EndGlobalSection
EndGlobal
